
Microsoft Visual Studio Solution File, Format Version 12.00
# Visual Studio Version 17
VisualStudioVersion = 17.11.35303.130
MinimumVisualStudioVersion = 10.0.40219.1
Project("{FAE04EC0-301F-11D3-BF4B-00C04F79EFBC}") = "Speech2TextOnLocalContainer", "Speech2TextOnLocalContainer\Speech2TextOnLocalContainer.csproj", "{C5DCD92A-9B62-49E8-A6A3-D13BEDE09F0E}"
EndProject
Global
	GlobalSection(SolutionConfigurationPlatforms) = preSolution
		Debug|Any CPU = Debug|Any CPU
		Release|Any CPU = Release|Any CPU
	EndGlobalSection
	GlobalSection(ProjectConfigurationPlatforms) = postSolution
		{C5DCD92A-9B62-49E8-A6A3-D13BEDE09F0E}.Debug|Any CPU.ActiveCfg = Debug|Any CPU
		{C5DCD92A-9B62-49E8-A6A3-D13BEDE09F0E}.Debug|Any CPU.Build.0 = Debug|Any CPU
		{C5DCD92A-9B62-49E8-A6A3-D13BEDE09F0E}.Release|Any CPU.ActiveCfg = Release|Any CPU
		{C5DCD92A-9B62-49E8-A6A3-D13BEDE09F0E}.Release|Any CPU.Build.0 = Release|Any CPU
	EndGlobalSection
	GlobalSection(SolutionProperties) = preSolution
		HideSolutionNode = FALSE
	EndGlobalSection
	GlobalSection(ExtensibilityGlobals) = postSolution
		SolutionGuid = {E963E5B1-ED19-4EF1-B6E9-C0E9A515F0C0}
	EndGlobalSection
EndGlobal
